// !$*UTF8*$!
{
	archiveVersion = 1;
	classes = {
	};
	objectVersion = 55;
	objects = {

/* Begin PBXBuildFile section */
		4FA5E7B828C43F55001A4EBD /* PraiveitAppiOSApp.swift in Sources */ = {isa = PBXBuildFile; fileRef = 4FA5E7B728C43F55001A4EBD /* PraiveitAppiOSApp.swift */; };
		4FA5E7BA28C43F55001A4EBD /* ContentView.swift in Sources */ = {isa = PBXBuildFile; fileRef = 4FA5E7B928C43F55001A4EBD /* ContentView.swift */; };
		4FA5E7BC28C43F58001A4EBD /* Assets.xcassets in Resources */ = {isa = PBXBuildFile; fileRef = 4FA5E7BB28C43F58001A4EBD /* Assets.xcassets */; };
		4FA5E7BF28C43F58001A4EBD /* Preview Assets.xcassets in Resources */ = {isa = PBXBuildFile; fileRef = 4FA5E7BE28C43F58001A4EBD /* Preview Assets.xcassets */; };
		4FA5E7C928C43F58001A4EBD /* PraiveitAppiOSTests.swift in Sources */ = {isa = PBXBuildFile; fileRef = 4FA5E7C828C43F58001A4EBD /* PraiveitAppiOSTests.swift */; };
		4FA5E7D328C43F58001A4EBD /* PraiveitAppiOSUITests.swift in Sources */ = {isa = PBXBuildFile; fileRef = 4FA5E7D228C43F58001A4EBD /* PraiveitAppiOSUITests.swift */; };
		4FA5E7D528C43F58001A4EBD /* PraiveitAppiOSUITestsLaunchTests.swift in Sources */ = {isa = PBXBuildFile; fileRef = 4FA5E7D428C43F58001A4EBD /* PraiveitAppiOSUITestsLaunchTests.swift */; };
		4FA5E7E228C4567D001A4EBD /* ContactosModel.swift in Sources */ = {isa = PBXBuildFile; fileRef = 4FA5E7E128C4567D001A4EBD /* ContactosModel.swift */; };
		4FA5E7E428C456F4001A4EBD /* DetallesContacto.swift in Sources */ = {isa = PBXBuildFile; fileRef = 4FA5E7E328C456F4001A4EBD /* DetallesContacto.swift */; };
/* End PBXBuildFile section */

/* Begin PBXContainerItemProxy section */
		4FA5E7C528C43F58001A4EBD /* PBXContainerItemProxy */ = {
			isa = PBXContainerItemProxy;
			containerPortal = 4FA5E7AC28C43F54001A4EBD /* Project object */;
			proxyType = 1;
			remoteGlobalIDString = 4FA5E7B328C43F55001A4EBD;
			remoteInfo = PraiveitAppiOS;
		};
		4FA5E7CF28C43F58001A4EBD /* PBXContainerItemProxy */ = {
			isa = PBXContainerItemProxy;
			containerPortal = 4FA5E7AC28C43F54001A4EBD /* Project object */;
			proxyType = 1;
			remoteGlobalIDString = 4FA5E7B328C43F55001A4EBD;
			remoteInfo = PraiveitAppiOS;
		};
/* End PBXContainerItemProxy section */

/* Begin PBXFileReference section */
		4FA5E7B428C43F55001A4EBD /* PraiveitAppiOS.app */ = {isa = PBXFileReference; explicitFileType = wrapper.application; includeInIndex = 0; path = PraiveitAppiOS.app; sourceTree = BUILT_PRODUCTS_DIR; };
		4FA5E7B728C43F55001A4EBD /* PraiveitAppiOSApp.swift */ = {isa = PBXFileReference; lastKnownFileType = sourcecode.swift; path = PraiveitAppiOSApp.swift; sourceTree = "<group>"; };
		4FA5E7B928C43F55001A4EBD /* ContentView.swift */ = {isa = PBXFileReference; lastKnownFileType = sourcecode.swift; path = ContentView.swift; sourceTree = "<group>"; };
		4FA5E7BB28C43F58001A4EBD /* Assets.xcassets */ = {isa = PBXFileReference; lastKnownFileType = folder.assetcatalog; path = Assets.xcassets; sourceTree = "<group>"; };
		4FA5E7BE28C43F58001A4EBD /* Preview Assets.xcassets */ = {isa = PBXFileReference; lastKnownFileType = folder.assetcatalog; path = "Preview Assets.xcassets"; sourceTree = "<group>"; };
		4FA5E7C428C43F58001A4EBD /* PraiveitAppiOSTests.xctest */ = {isa = PBXFileReference; explicitFileType = wrapper.cfbundle; includeInIndex = 0; path = PraiveitAppiOSTests.xctest; sourceTree = BUILT_PRODUCTS_DIR; };
		4FA5E7C828C43F58001A4EBD /* PraiveitAppiOSTests.swift */ = {isa = PBXFileReference; lastKnownFileType = sourcecode.swift; path = PraiveitAppiOSTests.swift; sourceTree = "<group>"; };
		4FA5E7CE28C43F58001A4EBD /* PraiveitAppiOSUITests.xctest */ = {isa = PBXFileReference; explicitFileType = wrapper.cfbundle; includeInIndex = 0; path = PraiveitAppiOSUITests.xctest; sourceTree = BUILT_PRODUCTS_DIR; };
		4FA5E7D228C43F58001A4EBD /* PraiveitAppiOSUITests.swift */ = {isa = PBXFileReference; lastKnownFileType = sourcecode.swift; path = PraiveitAppiOSUITests.swift; sourceTree = "<group>"; };
		4FA5E7D428C43F58001A4EBD /* PraiveitAppiOSUITestsLaunchTests.swift */ = {isa = PBXFileReference; lastKnownFileType = sourcecode.swift; path = PraiveitAppiOSUITestsLaunchTests.swift; sourceTree = "<group>"; };
		4FA5E7E128C4567D001A4EBD /* ContactosModel.swift */ = {isa = PBXFileReference; lastKnownFileType = sourcecode.swift; path = ContactosModel.swift; sourceTree = "<group>"; };
		4FA5E7E328C456F4001A4EBD /* DetallesContacto.swift */ = {isa = PBXFileReference; lastKnownFileType = sourcecode.swift; path = DetallesContacto.swift; sourceTree = "<group>"; };
/* End PBXFileReference section */

/* Begin PBXFrameworksBuildPhase section */
		4FA5E7B128C43F55001A4EBD /* Frameworks */ = {
			isa = PBXFrameworksBuildPhase;
			buildActionMask = 2147483647;
			files = (
			);
			runOnlyForDeploymentPostprocessing = 0;
		};
		4FA5E7C128C43F58001A4EBD /* Frameworks */ = {
			isa = PBXFrameworksBuildPhase;
			buildActionMask = 2147483647;
			files = (
			);
			runOnlyForDeploymentPostprocessing = 0;
		};
		4FA5E7CB28C43F58001A4EBD /* Frameworks */ = {
			isa = PBXFrameworksBuildPhase;
			buildActionMask = 2147483647;
			files = (
			);
			runOnlyForDeploymentPostprocessing = 0;
		};
/* End PBXFrameworksBuildPhase section */

/* Begin PBXGroup section */
		4FA5E7AB28C43F54001A4EBD = {
			isa = PBXGroup;
			children = (
				4FA5E7B628C43F55001A4EBD /* PraiveitAppiOS */,
				4FA5E7C728C43F58001A4EBD /* PraiveitAppiOSTests */,
				4FA5E7D128C43F58001A4EBD /* PraiveitAppiOSUITests */,
				4FA5E7B528C43F55001A4EBD /* Products */,
			);
			sourceTree = "<group>";
		};
		4FA5E7B528C43F55001A4EBD /* Products */ = {
			isa = PBXGroup;
			children = (
				4FA5E7B428C43F55001A4EBD /* PraiveitAppiOS.app */,
				4FA5E7C428C43F58001A4EBD /* PraiveitAppiOSTests.xctest */,
				4FA5E7CE28C43F58001A4EBD /* PraiveitAppiOSUITests.xctest */,
			);
			name = Products;
			sourceTree = "<group>";
		};
		4FA5E7B628C43F55001A4EBD /* PraiveitAppiOS */ = {
			isa = PBXGroup;
			children = (
				4FA5E7B728C43F55001A4EBD /* PraiveitAppiOSApp.swift */,
				4FA5E7B928C43F55001A4EBD /* ContentView.swift */,
				4FA5E7BB28C43F58001A4EBD /* Assets.xcassets */,
				4FA5E7BD28C43F58001A4EBD /* Preview Content */,
				4FA5E7E128C4567D001A4EBD /* ContactosModel.swift */,
				4FA5E7E328C456F4001A4EBD /* DetallesContacto.swift */,
			);
			path = PraiveitAppiOS;
			sourceTree = "<group>";
		};
		4FA5E7BD28C43F58001A4EBD /* Preview Content */ = {
			isa = PBXGroup;
			children = (
				4FA5E7BE28C43F58001A4EBD /* Preview Assets.xcassets */,
			);
			path = "Preview Content";
			sourceTree = "<group>";
		};
		4FA5E7C728C43F58001A4EBD /* PraiveitAppiOSTests */ = {
			isa = PBXGroup;
			children = (
				4FA5E7C828C43F58001A4EBD /* PraiveitAppiOSTests.swift */,
			);
			path = PraiveitAppiOSTests;
			sourceTree = "<group>";
		};
		4FA5E7D128C43F58001A4EBD /* PraiveitAppiOSUITests */ = {
			isa = PBXGroup;
			children = (
				4FA5E7D228C43F58001A4EBD /* PraiveitAppiOSUITests.swift */,
				4FA5E7D428C43F58001A4EBD /* PraiveitAppiOSUITestsLaunchTests.swift */,
			);
			path = PraiveitAppiOSUITests;
			sourceTree = "<group>";
		};
/* End PBXGroup section */

/* Begin PBXNativeTarget section */
		4FA5E7B328C43F55001A4EBD /* PraiveitAppiOS */ = {
			isa = PBXNativeTarget;
			buildConfigurationList = 4FA5E7D828C43F58001A4EBD /* Build configuration list for PBXNativeTarget "PraiveitAppiOS" */;
			buildPhases = (
				4FA5E7B028C43F55001A4EBD /* Sources */,
				4FA5E7B128C43F55001A4EBD /* Frameworks */,
				4FA5E7B228C43F55001A4EBD /* Resources */,
			);
			buildRules = (
			);
			dependencies = (
			);
			name = PraiveitAppiOS;
			productName = PraiveitAppiOS;
			productReference = 4FA5E7B428C43F55001A4EBD /* PraiveitAppiOS.app */;
			productType = "com.apple.product-type.application";
		};
		4FA5E7C328C43F58001A4EBD /* PraiveitAppiOSTests */ = {
			isa = PBXNativeTarget;
			buildConfigurationList = 4FA5E7DB28C43F58001A4EBD /* Build configuration list for PBXNativeTarget "PraiveitAppiOSTests" */;
			buildPhases = (
				4FA5E7C028C43F58001A4EBD /* Sources */,
				4FA5E7C128C43F58001A4EBD /* Frameworks */,
				4FA5E7C228C43F58001A4EBD /* Resources */,
			);
			buildRules = (
			);
			dependencies = (
				4FA5E7C628C43F58001A4EBD /* PBXTargetDependency */,
			);
			name = PraiveitAppiOSTests;
			productName = PraiveitAppiOSTests;
			productReference = 4FA5E7C428C43F58001A4EBD /* PraiveitAppiOSTests.xctest */;
			productType = "com.apple.product-type.bundle.unit-test";
		};
		4FA5E7CD28C43F58001A4EBD /* PraiveitAppiOSUITests */ = {
			isa = PBXNativeTarget;
			buildConfigurationList = 4FA5E7DE28C43F58001A4EBD /* Build configuration list for PBXNativeTarget "PraiveitAppiOSUITests" */;
			buildPhases = (
				4FA5E7CA28C43F58001A4EBD /* Sources */,
				4FA5E7CB28C43F58001A4EBD /* Frameworks */,
				4FA5E7CC28C43F58001A4EBD /* Resources */,
			);
			buildRules = (
			);
			dependencies = (
				4FA5E7D028C43F58001A4EBD /* PBXTargetDependency */,
			);
			name = PraiveitAppiOSUITests;
			productName = PraiveitAppiOSUITests;
			productReference = 4FA5E7CE28C43F58001A4EBD /* PraiveitAppiOSUITests.xctest */;
			productType = "com.apple.product-type.bundle.ui-testing";
		};
/* End PBXNativeTarget section */

/* Begin PBXProject section */
		4FA5E7AC28C43F54001A4EBD /* Project object */ = {
			isa = PBXProject;
			attributes = {
				BuildIndependentTargetsInParallel = 1;
				LastSwiftUpdateCheck = 1340;
				LastUpgradeCheck = 1340;
				TargetAttributes = {
					4FA5E7B328C43F55001A4EBD = {
						CreatedOnToolsVersion = 13.4.1;
					};
					4FA5E7C328C43F58001A4EBD = {
						CreatedOnToolsVersion = 13.4.1;
						TestTargetID = 4FA5E7B328C43F55001A4EBD;
					};
					4FA5E7CD28C43F58001A4EBD = {
						CreatedOnToolsVersion = 13.4.1;
						TestTargetID = 4FA5E7B328C43F55001A4EBD;
					};
				};
			};
			buildConfigurationList = 4FA5E7AF28C43F54001A4EBD /* Build configuration list for PBXProject "PraiveitAppiOS" */;
			compatibilityVersion = "Xcode 13.0";
			developmentRegion = en;
			hasScannedForEncodings = 0;
			knownRegions = (
				en,
				Base,
			);
			mainGroup = 4FA5E7AB28C43F54001A4EBD;
			productRefGroup = 4FA5E7B528C43F55001A4EBD /* Products */;
			projectDirPath = "";
			projectRoot = "";
			targets = (
				4FA5E7B328C43F55001A4EBD /* PraiveitAppiOS */,
				4FA5E7C328C43F58001A4EBD /* PraiveitAppiOSTests */,
				4FA5E7CD28C43F58001A4EBD /* PraiveitAppiOSUITests */,
			);
		};
/* End PBXProject section */

/* Begin PBXResourcesBuildPhase section */
		4FA5E7B228C43F55001A4EBD /* Resources */ = {
			isa = PBXResourcesBuildPhase;
			buildActionMask = 2147483647;
			files = (
				4FA5E7BF28C43F58001A4EBD /* Preview Assets.xcassets in Resources */,
				4FA5E7BC28C43F58001A4EBD /* Assets.xcassets in Resources */,
			);
			runOnlyForDeploymentPostprocessing = 0;
		};
		4FA5E7C228C43F58001A4EBD /* Resources */ = {
			isa = PBXResourcesBuildPhase;
			buildActionMask = 2147483647;
			files = (
			);
			runOnlyForDeploymentPostprocessing = 0;
		};
		4FA5E7CC28C43F58001A4EBD /* Resources */ = {
			isa = PBXResourcesBuildPhase;
			buildActionMask = 2147483647;
			files = (
			);
			runOnlyForDeploymentPostprocessing = 0;
		};
/* End PBXResourcesBuildPhase section */

/* Begin PBXSourcesBuildPhase section */
		4FA5E7B028C43F55001A4EBD /* Sources */ = {
			isa = PBXSourcesBuildPhase;
			buildActionMask = 2147483647;
			files = (
				4FA5E7E228C4567D001A4EBD /* ContactosModel.swift in Sources */,
				4FA5E7BA28C43F55001A4EBD /* ContentView.swift in Sources */,
				4FA5E7E428C456F4001A4EBD /* DetallesContacto.swift in Sources */,
				4FA5E7B828C43F55001A4EBD /* PraiveitAppiOSApp.swift in Sources */,
			);
			runOnlyForDeploymentPostprocessing = 0;
		};
		4FA5E7C028C43F58001A4EBD /* Sources */ = {
			isa = PBXSourcesBuildPhase;
			buildActionMask = 2147483647;
			files = (
				4FA5E7C928C43F58001A4EBD /* PraiveitAppiOSTests.swift in Sources */,
			);
			runOnlyForDeploymentPostprocessing = 0;
		};
		4FA5E7CA28C43F58001A4EBD /* Sources */ = {
			isa = PBXSourcesBuildPhase;
			buildActionMask = 2147483647;
			files = (
				4FA5E7D528C43F58001A4EBD /* PraiveitAppiOSUITestsLaunchTests.swift in Sources */,
				4FA5E7D328C43F58001A4EBD /* PraiveitAppiOSUITests.swift in Sources */,
			);
			runOnlyForDeploymentPostprocessing = 0;
		};
/* End PBXSourcesBuildPhase section */

/* Begin PBXTargetDependency section */
		4FA5E7C628C43F58001A4EBD /* PBXTargetDependency */ = {
			isa = PBXTargetDependency;
			target = 4FA5E7B328C43F55001A4EBD /* PraiveitAppiOS */;
			targetProxy = 4FA5E7C528C43F58001A4EBD /* PBXContainerItemProxy */;
		};
		4FA5E7D028C43F58001A4EBD /* PBXTargetDependency */ = {
			isa = PBXTargetDependency;
			target = 4FA5E7B328C43F55001A4EBD /* PraiveitAppiOS */;
			targetProxy = 4FA5E7CF28C43F58001A4EBD /* PBXContainerItemProxy */;
		};
/* End PBXTargetDependency section */

/* Begin XCBuildConfiguration section */
		4FA5E7D628C43F58001A4EBD /* Debug */ = {
			isa = XCBuildConfiguration;
			buildSettings = {
				ALWAYS_SEARCH_USER_PATHS = NO;
				CLANG_ANALYZER_NONNULL = YES;
				CLANG_ANALYZER_NUMBER_OBJECT_CONVERSION = YES_AGGRESSIVE;
				CLANG_CXX_LANGUAGE_STANDARD = "gnu++17";
				CLANG_ENABLE_MODULES = YES;
				CLANG_ENABLE_OBJC_ARC = YES;
				CLANG_ENABLE_OBJC_WEAK = YES;
				CLANG_WARN_BLOCK_CAPTURE_AUTORELEASING = YES;
				CLANG_WARN_BOOL_CONVERSION = YES;
				CLANG_WARN_COMMA = YES;
				CLANG_WARN_CONSTANT_CONVERSION = YES;
				CLANG_WARN_DEPRECATED_OBJC_IMPLEMENTATIONS = YES;
				CLANG_WARN_DIRECT_OBJC_ISA_USAGE = YES_ERROR;
				CLANG_WARN_DOCUMENTATION_COMMENTS = YES;
				CLANG_WARN_EMPTY_BODY = YES;
				CLANG_WARN_ENUM_CONVERSION = YES;
				CLANG_WARN_INFINITE_RECURSION = YES;
				CLANG_WARN_INT_CONVERSION = YES;
				CLANG_WARN_NON_LITERAL_NULL_CONVERSION = YES;
				CLANG_WARN_OBJC_IMPLICIT_RETAIN_SELF = YES;
				CLANG_WARN_OBJC_LITERAL_CONVERSION = YES;
				CLANG_WARN_OBJC_ROOT_CLASS = YES_ERROR;
				CLANG_WARN_QUOTED_INCLUDE_IN_FRAMEWORK_HEADER = YES;
				CLANG_WARN_RANGE_LOOP_ANALYSIS = YES;
				CLANG_WARN_STRICT_PROTOTYPES = YES;
				CLANG_WARN_SUSPICIOUS_MOVE = YES;
				CLANG_WARN_UNGUARDED_AVAILABILITY = YES_AGGRESSIVE;
				CLANG_WARN_UNREACHABLE_CODE = YES;
				CLANG_WARN__DUPLICATE_METHOD_MATCH = YES;
				COPY_PHASE_STRIP = NO;
				DEBUG_INFORMATION_FORMAT = dwarf;
				ENABLE_STRICT_OBJC_MSGSEND = YES;
				ENABLE_TESTABILITY = YES;
				GCC_C_LANGUAGE_STANDARD = gnu11;
				GCC_DYNAMIC_NO_PIC = NO;
				GCC_NO_COMMON_BLOCKS = YES;
				GCC_OPTIMIZATION_LEVEL = 0;
				GCC_PREPROCESSOR_DEFINITIONS = (
					"DEBUG=1",
					"$(inherited)",
				);
				GCC_WARN_64_TO_32_BIT_CONVERSION = YES;
				GCC_WARN_ABOUT_RETURN_TYPE = YES_ERROR;
				GCC_WARN_UNDECLARED_SELECTOR = YES;
				GCC_WARN_UNINITIALIZED_AUTOS = YES_AGGRESSIVE;
				GCC_WARN_UNUSED_FUNCTION = YES;
				GCC_WARN_UNUSED_VARIABLE = YES;
				IPHONEOS_DEPLOYMENT_TARGET = 15.5;
				MTL_ENABLE_DEBUG_INFO = INCLUDE_SOURCE;
				MTL_FAST_MATH = YES;
				ONLY_ACTIVE_ARCH = YES;
				SDKROOT = iphoneos;
				SWIFT_ACTIVE_COMPILATION_CONDITIONS = DEBUG;
				SWIFT_OPTIMIZATION_LEVEL = "-Onone";
			};
			name = Debug;
		};
		4FA5E7D728C43F58001A4EBD /* Release */ = {
			isa = XCBuildConfiguration;
			buildSettings = {
				ALWAYS_SEARCH_USER_PATHS = NO;
				CLANG_ANALYZER_NONNULL = YES;
				CLANG_ANALYZER_NUMBER_OBJECT_CONVERSION = YES_AGGRESSIVE;
				CLANG_CXX_LANGUAGE_STANDARD = "gnu++17";
				CLANG_ENABLE_MODULES = YES;
				CLANG_ENABLE_OBJC_ARC = YES;
				CLANG_ENABLE_OBJC_WEAK = YES;
				CLANG_WARN_BLOCK_CAPTURE_AUTORELEASING = YES;
				CLANG_WARN_BOOL_CONVERSION = YES;
				CLANG_WARN_COMMA = YES;
				CLANG_WARN_CONSTANT_CONVERSION = YES;
				CLANG_WARN_DEPRECATED_OBJC_IMPLEMENTATIONS = YES;
				CLANG_WARN_DIRECT_OBJC_ISA_USAGE = YES_ERROR;
				CLANG_WARN_DOCUMENTATION_COMMENTS = YES;
				CLANG_WARN_EMPTY_BODY = YES;
				CLANG_WARN_ENUM_CONVERSION = YES;
				CLANG_WARN_INFINITE_RECURSION = YES;
				CLANG_WARN_INT_CONVERSION = YES;
				CLANG_WARN_NON_LITERAL_NULL_CONVERSION = YES;
				CLANG_WARN_OBJC_IMPLICIT_RETAIN_SELF = YES;
				CLANG_WARN_OBJC_LITERAL_CONVERSION = YES;
				CLANG_WARN_OBJC_ROOT_CLASS = YES_ERROR;
				CLANG_WARN_QUOTED_INCLUDE_IN_FRAMEWORK_HEADER = YES;
				CLANG_WARN_RANGE_LOOP_ANALYSIS = YES;
				CLANG_WARN_STRICT_PROTOTYPES = YES;
				CLANG_WARN_SUSPICIOUS_MOVE = YES;
				CLANG_WARN_UNGUARDED_AVAILABILITY = YES_AGGRESSIVE;
				CLANG_WARN_UNREACHABLE_CODE = YES;
				CLANG_WARN__DUPLICATE_METHOD_MATCH = YES;
				COPY_PHASE_STRIP = NO;
				DEBUG_INFORMATION_FORMAT = "dwarf-with-dsym";
				ENABLE_NS_ASSERTIONS = NO;
				ENABLE_STRICT_OBJC_MSGSEND = YES;
				GCC_C_LANGUAGE_STANDARD = gnu11;
				GCC_NO_COMMON_BLOCKS = YES;
				GCC_WARN_64_TO_32_BIT_CONVERSION = YES;
				GCC_WARN_ABOUT_RETURN_TYPE = YES_ERROR;
				GCC_WARN_UNDECLARED_SELECTOR = YES;
				GCC_WARN_UNINITIALIZED_AUTOS = YES_AGGRESSIVE;
				GCC_WARN_UNUSED_FUNCTION = YES;
				GCC_WARN_UNUSED_VARIABLE = YES;
				IPHONEOS_DEPLOYMENT_TARGET = 15.5;
				MTL_ENABLE_DEBUG_INFO = NO;
				MTL_FAST_MATH = YES;
				SDKROOT = iphoneos;
				SWIFT_COMPILATION_MODE = wholemodule;
				SWIFT_OPTIMIZATION_LEVEL = "-O";
				VALIDATE_PRODUCT = YES;
			};
			name = Release;
		};
		4FA5E7D928C43F58001A4EBD /* Debug */ = {
			isa = XCBuildConfiguration;
			buildSettings = {
				ASSETCATALOG_COMPILER_APPICON_NAME = AppIcon;
				ASSETCATALOG_COMPILER_GLOBAL_ACCENT_COLOR_NAME = AccentColor;
				CODE_SIGN_STYLE = Automatic;
				CURRENT_PROJECT_VERSION = 1;
				DEVELOPMENT_ASSET_PATHS = "\"PraiveitAppiOS/Preview Content\"";
				ENABLE_PREVIEWS = YES;
				GENERATE_INFOPLIST_FILE = YES;
				INFOPLIST_KEY_UIApplicationSceneManifest_Generation = YES;
				INFOPLIST_KEY_UIApplicationSupportsIndirectInputEvents = YES;
				INFOPLIST_KEY_UILaunchScreen_Generation = YES;
				INFOPLIST_KEY_UISupportedInterfaceOrientations_iPad = "UIInterfaceOrientationPortrait UIInterfaceOrientationPortraitUpsideDown UIInterfaceOrientationLandscapeLeft UIInterfaceOrientationLandscapeRight";
				INFOPLIST_KEY_UISupportedInterfaceOrientations_iPhone = "UIInterfaceOrientationPortrait UIInterfaceOrientationLandscapeLeft UIInterfaceOrientationLandscapeRight";
				LD_RUNPATH_SEARCH_PATHS = (
					"$(inherited)",
					"@executable_path/Frameworks",
				);
				MARKETING_VERSION = 1.0;
				PRODUCT_BUNDLE_IDENTIFIER = com.dfzgroup.PraiveitAppiOS;
				PRODUCT_NAME = "$(TARGET_NAME)";
				SWIFT_EMIT_LOC_STRINGS = YES;
				SWIFT_VERSION = 5.0;
				TARGETED_DEVICE_FAMILY = "1,2";
			};
			name = Debug;
		};
		4FA5E7DA28C43F58001A4EBD /* Release */ = {
			isa = XCBuildConfiguration;
			buildSettings = {
				ASSETCATALOG_COMPILER_APPICON_NAME = AppIcon;
				ASSETCATALOG_COMPILER_GLOBAL_ACCENT_COLOR_NAME = AccentColor;
				CODE_SIGN_STYLE = Automatic;
				CURRENT_PROJECT_VERSION = 1;
				DEVELOPMENT_ASSET_PATHS = "\"PraiveitAppiOS/Preview Content\"";
				ENABLE_PREVIEWS = YES;
				GENERATE_INFOPLIST_FILE = YES;
				INFOPLIST_KEY_UIApplicationSceneManifest_Generation = YES;
				INFOPLIST_KEY_UIApplicationSupportsIndirectInputEvents = YES;
				INFOPLIST_KEY_UILaunchScreen_Generation = YES;
				INFOPLIST_KEY_UISupportedInterfaceOrientations_iPad = "UIInterfaceOrientationPortrait UIInterfaceOrientationPortraitUpsideDown UIInterfaceOrientationLandscapeLeft UIInterfaceOrientationLandscapeRight";
				INFOPLIST_KEY_UISupportedInterfaceOrientations_iPhone = "UIInterfaceOrientationPortrait UIInterfaceOrientationLandscapeLeft UIInterfaceOrientationLandscapeRight";
				LD_RUNPATH_SEARCH_PATHS = (
					"$(inherited)",
					"@executable_path/Frameworks",
				);
				MARKETING_VERSION = 1.0;
				PRODUCT_BUNDLE_IDENTIFIER = com.dfzgroup.PraiveitAppiOS;
				PRODUCT_NAME = "$(TARGET_NAME)";
				SWIFT_EMIT_LOC_STRINGS = YES;
				SWIFT_VERSION = 5.0;
				TARGETED_DEVICE_FAMILY = "1,2";
			};
			name = Release;
		};
		4FA5E7DC28C43F58001A4EBD /* Debug */ = {
			isa = XCBuildConfiguration;
			buildSettings = {
				ALWAYS_EMBED_SWIFT_STANDARD_LIBRARIES = YES;
				BUNDLE_LOADER = "$(TEST_HOST)";
				CODE_SIGN_STYLE = Automatic;
				CURRENT_PROJECT_VERSION = 1;
				GENERATE_INFOPLIST_FILE = YES;
				IPHONEOS_DEPLOYMENT_TARGET = 15.5;
				MARKETING_VERSION = 1.0;
				PRODUCT_BUNDLE_IDENTIFIER = com.dfzgroup.PraiveitAppiOSTests;
				PRODUCT_NAME = "$(TARGET_NAME)";
				SWIFT_EMIT_LOC_STRINGS = NO;
				SWIFT_VERSION = 5.0;
				TARGETED_DEVICE_FAMILY = "1,2";
				TEST_HOST = "$(BUILT_PRODUCTS_DIR)/PraiveitAppiOS.app/PraiveitAppiOS";
			};
			name = Debug;
		};
		4FA5E7DD28C43F58001A4EBD /* Release */ = {
			isa = XCBuildConfiguration;
			buildSettings = {
				ALWAYS_EMBED_SWIFT_STANDARD_LIBRARIES = YES;
				BUNDLE_LOADER = "$(TEST_HOST)";
				CODE_SIGN_STYLE = Automatic;
				CURRENT_PROJECT_VERSION = 1;
				GENERATE_INFOPLIST_FILE = YES;
				IPHONEOS_DEPLOYMENT_TARGET = 15.5;
				MARKETING_VERSION = 1.0;
				PRODUCT_BUNDLE_IDENTIFIER = com.dfzgroup.PraiveitAppiOSTests;
				PRODUCT_NAME = "$(TARGET_NAME)";
				SWIFT_EMIT_LOC_STRINGS = NO;
				SWIFT_VERSION = 5.0;
				TARGETED_DEVICE_FAMILY = "1,2";
				TEST_HOST = "$(BUILT_PRODUCTS_DIR)/PraiveitAppiOS.app/PraiveitAppiOS";
			};
			name = Release;
		};
		4FA5E7DF28C43F58001A4EBD /* Debug */ = {
			isa = XCBuildConfiguration;
			buildSettings = {
				ALWAYS_EMBED_SWIFT_STANDARD_LIBRARIES = YES;
				CODE_SIGN_STYLE = Automatic;
				CURRENT_PROJECT_VERSION = 1;
				GENERATE_INFOPLIST_FILE = YES;
				MARKETING_VERSION = 1.0;
				PRODUCT_BUNDLE_IDENTIFIER = com.dfzgroup.PraiveitAppiOSUITests;
				PRODUCT_NAME = "$(TARGET_NAME)";
				SWIFT_EMIT_LOC_STRINGS = NO;
				SWIFT_VERSION = 5.0;
				TARGETED_DEVICE_FAMILY = "1,2";
				TEST_TARGET_NAME = PraiveitAppiOS;
			};
			name = Debug;
		};
		4FA5E7E028C43F58001A4EBD /* Release */ = {
			isa = XCBuildConfiguration;
			buildSettings = {
				ALWAYS_EMBED_SWIFT_STANDARD_LIBRARIES = YES;
				CODE_SIGN_STYLE = Automatic;
				CURRENT_PROJECT_VERSION = 1;
				GENERATE_INFOPLIST_FILE = YES;
				MARKETING_VERSION = 1.0;
				PRODUCT_BUNDLE_IDENTIFIER = com.dfzgroup.PraiveitAppiOSUITests;
				PRODUCT_NAME = "$(TARGET_NAME)";
				SWIFT_EMIT_LOC_STRINGS = NO;
				SWIFT_VERSION = 5.0;
				TARGETED_DEVICE_FAMILY = "1,2";
				TEST_TARGET_NAME = PraiveitAppiOS;
			};
			name = Release;
		};
/* End XCBuildConfiguration section */

/* Begin XCConfigurationList section */
		4FA5E7AF28C43F54001A4EBD /* Build configuration list for PBXProject "PraiveitAppiOS" */ = {
			isa = XCConfigurationList;
			buildConfigurations = (
				4FA5E7D628C43F58001A4EBD /* Debug */,
				4FA5E7D728C43F58001A4EBD /* Release */,
			);
			defaultConfigurationIsVisible = 0;
			defaultConfigurationName = Release;
		};
		4FA5E7D828C43F58001A4EBD /* Build configuration list for PBXNativeTarget "PraiveitAppiOS" */ = {
			isa = XCConfigurationList;
			buildConfigurations = (
				4FA5E7D928C43F58001A4EBD /* Debug */,
				4FA5E7DA28C43F58001A4EBD /* Release */,
			);
			defaultConfigurationIsVisible = 0;
			defaultConfigurationName = Release;
		};
		4FA5E7DB28C43F58001A4EBD /* Build configuration list for PBXNativeTarget "PraiveitAppiOSTests" */ = {
			isa = XCConfigurationList;
			buildConfigurations = (
				4FA5E7DC28C43F58001A4EBD /* Debug */,
				4FA5E7DD28C43F58001A4EBD /* Release */,
			);
			defaultConfigurationIsVisible = 0;
			defaultConfigurationName = Release;
		};
		4FA5E7DE28C43F58001A4EBD /* Build configuration list for PBXNativeTarget "PraiveitAppiOSUITests" */ = {
			isa = XCConfigurationList;
			buildConfigurations = (
				4FA5E7DF28C43F58001A4EBD /* Debug */,
				4FA5E7E028C43F58001A4EBD /* Release */,
			);
			defaultConfigurationIsVisible = 0;
			defaultConfigurationName = Release;
		};
/* End XCConfigurationList section */
	};
	rootObject = 4FA5E7AC28C43F54001A4EBD /* Project object */;
}
